
Microsoft Visual Studio Solution File, Format Version 12.00
# Visual Studio 14
VisualStudioVersion = 14.0.25123.0
MinimumVisualStudioVersion = 10.0.40219.1
Project("{FAE04EC0-301F-11D3-BF4B-00C04F79EFBC}") = "RegularExppression", "RegularExppression\RegularExppression.csproj", "{475342AE-258A-4E2F-87A8-826A80B2435F}"
EndProject
Project("{FAE04EC0-301F-11D3-BF4B-00C04F79EFBC}") = "PhoneNumber", "PhoneNumber\PhoneNumber.csproj", "{82920FCA-CF53-41E1-A485-CF391F71F86D}"
EndProject
Project("{FAE04EC0-301F-11D3-BF4B-00C04F79EFBC}") = "SameLetters", "SameLetters\SameLetters.csproj", "{533A9E0B-4737-4851-8279-A6A7BE23E16A}"
EndProject
Project("{FAE04EC0-301F-11D3-BF4B-00C04F79EFBC}") = "ReplaceATag", "ReplaceATag\ReplaceATag.csproj", "{2B0CCF80-0EAB-463B-B344-202A4355D8ED}"
EndProject
Project("{FAE04EC0-301F-11D3-BF4B-00C04F79EFBC}") = "ExtractEmail", "ExtractEmail\ExtractEmail.csproj", "{F2340417-3A84-4A02-81C7-89AD7E0C9920}"
EndProject
Project("{FAE04EC0-301F-11D3-BF4B-00C04F79EFBC}") = "Sentenceextactor", "Sentenceextactor\Sentenceextactor.csproj", "{9EF37B01-C930-44E4-954C-FB898D4E77FD}"
EndProject
Project("{FAE04EC0-301F-11D3-BF4B-00C04F79EFBC}") = "ValidUsername", "ValidUsername\ValidUsername.csproj", "{FBA6175B-1726-416F-8A5B-78FA01BF0F31}"
EndProject
Project("{FAE04EC0-301F-11D3-BF4B-00C04F79EFBC}") = "ExtractHiperlink", "ExtractHiperlink\ExtractHiperlink.csproj", "{2668FB58-0BC5-4006-816A-9464B2A7ECD1}"
EndProject
Global
	GlobalSection(SolutionConfigurationPlatforms) = preSolution
		Debug|Any CPU = Debug|Any CPU
		Release|Any CPU = Release|Any CPU
	EndGlobalSection
	GlobalSection(ProjectConfigurationPlatforms) = postSolution
		{475342AE-258A-4E2F-87A8-826A80B2435F}.Debug|Any CPU.ActiveCfg = Debug|Any CPU
		{475342AE-258A-4E2F-87A8-826A80B2435F}.Debug|Any CPU.Build.0 = Debug|Any CPU
		{475342AE-258A-4E2F-87A8-826A80B2435F}.Release|Any CPU.ActiveCfg = Release|Any CPU
		{475342AE-258A-4E2F-87A8-826A80B2435F}.Release|Any CPU.Build.0 = Release|Any CPU
		{82920FCA-CF53-41E1-A485-CF391F71F86D}.Debug|Any CPU.ActiveCfg = Debug|Any CPU
		{82920FCA-CF53-41E1-A485-CF391F71F86D}.Debug|Any CPU.Build.0 = Debug|Any CPU
		{82920FCA-CF53-41E1-A485-CF391F71F86D}.Release|Any CPU.ActiveCfg = Release|Any CPU
		{82920FCA-CF53-41E1-A485-CF391F71F86D}.Release|Any CPU.Build.0 = Release|Any CPU
		{533A9E0B-4737-4851-8279-A6A7BE23E16A}.Debug|Any CPU.ActiveCfg = Debug|Any CPU
		{533A9E0B-4737-4851-8279-A6A7BE23E16A}.Debug|Any CPU.Build.0 = Debug|Any CPU
		{533A9E0B-4737-4851-8279-A6A7BE23E16A}.Release|Any CPU.ActiveCfg = Release|Any CPU
		{533A9E0B-4737-4851-8279-A6A7BE23E16A}.Release|Any CPU.Build.0 = Release|Any CPU
		{2B0CCF80-0EAB-463B-B344-202A4355D8ED}.Debug|Any CPU.ActiveCfg = Debug|Any CPU
		{2B0CCF80-0EAB-463B-B344-202A4355D8ED}.Debug|Any CPU.Build.0 = Debug|Any CPU
		{2B0CCF80-0EAB-463B-B344-202A4355D8ED}.Release|Any CPU.ActiveCfg = Release|Any CPU
		{2B0CCF80-0EAB-463B-B344-202A4355D8ED}.Release|Any CPU.Build.0 = Release|Any CPU
		{F2340417-3A84-4A02-81C7-89AD7E0C9920}.Debug|Any CPU.ActiveCfg = Debug|Any CPU
		{F2340417-3A84-4A02-81C7-89AD7E0C9920}.Debug|Any CPU.Build.0 = Debug|Any CPU
		{F2340417-3A84-4A02-81C7-89AD7E0C9920}.Release|Any CPU.ActiveCfg = Release|Any CPU
		{F2340417-3A84-4A02-81C7-89AD7E0C9920}.Release|Any CPU.Build.0 = Release|Any CPU
		{9EF37B01-C930-44E4-954C-FB898D4E77FD}.Debug|Any CPU.ActiveCfg = Debug|Any CPU
		{9EF37B01-C930-44E4-954C-FB898D4E77FD}.Debug|Any CPU.Build.0 = Debug|Any CPU
		{9EF37B01-C930-44E4-954C-FB898D4E77FD}.Release|Any CPU.ActiveCfg = Release|Any CPU
		{9EF37B01-C930-44E4-954C-FB898D4E77FD}.Release|Any CPU.Build.0 = Release|Any CPU
		{FBA6175B-1726-416F-8A5B-78FA01BF0F31}.Debug|Any CPU.ActiveCfg = Debug|Any CPU
		{FBA6175B-1726-416F-8A5B-78FA01BF0F31}.Debug|Any CPU.Build.0 = Debug|Any CPU
		{FBA6175B-1726-416F-8A5B-78FA01BF0F31}.Release|Any CPU.ActiveCfg = Release|Any CPU
		{FBA6175B-1726-416F-8A5B-78FA01BF0F31}.Release|Any CPU.Build.0 = Release|Any CPU
		{2668FB58-0BC5-4006-816A-9464B2A7ECD1}.Debug|Any CPU.ActiveCfg = Debug|Any CPU
		{2668FB58-0BC5-4006-816A-9464B2A7ECD1}.Debug|Any CPU.Build.0 = Debug|Any CPU
		{2668FB58-0BC5-4006-816A-9464B2A7ECD1}.Release|Any CPU.ActiveCfg = Release|Any CPU
		{2668FB58-0BC5-4006-816A-9464B2A7ECD1}.Release|Any CPU.Build.0 = Release|Any CPU
	EndGlobalSection
	GlobalSection(SolutionProperties) = preSolution
		HideSolutionNode = FALSE
	EndGlobalSection
EndGlobal
